
Microsoft Visual Studio Solution File, Format Version 12.00
# Visual Studio Version 16
VisualStudioVersion = 16.0.30011.22
MinimumVisualStudioVersion = 10.0.40219.1
Project("{FAE04EC0-301F-11D3-BF4B-00C04F79EFBC}") = "budicMarinIncialnoPrvi", "budicMarinIncialnoPrvi.csproj", "{B7CC17B4-38D7-430A-B68A-75A6D178952A}"
EndProject
Global
	GlobalSection(SolutionConfigurationPlatforms) = preSolution
		Debug|Any CPU = Debug|Any CPU
		Release|Any CPU = Release|Any CPU
	EndGlobalSection
	GlobalSection(ProjectConfigurationPlatforms) = postSolution
		{B7CC17B4-38D7-430A-B68A-75A6D178952A}.Debug|Any CPU.ActiveCfg = Debug|Any CPU
		{B7CC17B4-38D7-430A-B68A-75A6D178952A}.Debug|Any CPU.Build.0 = Debug|Any CPU
		{B7CC17B4-38D7-430A-B68A-75A6D178952A}.Release|Any CPU.ActiveCfg = Release|Any CPU
		{B7CC17B4-38D7-430A-B68A-75A6D178952A}.Release|Any CPU.Build.0 = Release|Any CPU
	EndGlobalSection
	GlobalSection(SolutionProperties) = preSolution
		HideSolutionNode = FALSE
	EndGlobalSection
	GlobalSection(ExtensibilityGlobals) = postSolution
		SolutionGuid = {551D77D6-7864-4659-9D56-C85FBEEBED9F}
	EndGlobalSection
EndGlobal
